
Microsoft Visual Studio Solution File, Format Version 12.00
# Visual Studio Version 17
VisualStudioVersion = 17.5.002.0
MinimumVisualStudioVersion = 10.0.40219.1
Project("{9A19103F-16F7-4668-BE54-9A1E7A4F7556}") = "avatarapp", "avatarapp\avatarapp.csproj", "{62B90AA5-64A2-472C-8DCB-43AB652CBE1D}"
EndProject
Global
	GlobalSection(SolutionConfigurationPlatforms) = preSolution
		Debug|Any CPU = Debug|Any CPU
		Release|Any CPU = Release|Any CPU
	EndGlobalSection
	GlobalSection(ProjectConfigurationPlatforms) = postSolution
		{62B90AA5-64A2-472C-8DCB-43AB652CBE1D}.Debug|Any CPU.ActiveCfg = Debug|Any CPU
		{62B90AA5-64A2-472C-8DCB-43AB652CBE1D}.Debug|Any CPU.Build.0 = Debug|Any CPU
		{62B90AA5-64A2-472C-8DCB-43AB652CBE1D}.Release|Any CPU.ActiveCfg = Release|Any CPU
		{62B90AA5-64A2-472C-8DCB-43AB652CBE1D}.Release|Any CPU.Build.0 = Release|Any CPU
	EndGlobalSection
	GlobalSection(SolutionProperties) = preSolution
		HideSolutionNode = FALSE
	EndGlobalSection
	GlobalSection(ExtensibilityGlobals) = postSolution
		SolutionGuid = {8B0DB0CF-F7A2-4ED4-B975-917DA8F8E878}
	EndGlobalSection
EndGlobal
